<?xml version="1.0" encoding="utf-8"?>
<Project ToolsVersion="4.0" xmlns="http://schemas.microsoft.com/developer/msbuild/2003">
  <ItemGroup>
    <Filter Include="Fracture">
      <UniqueIdentifier>{2109A846-0DD6-0252-36EF-F0F9221B38E0}</UniqueIdentifier>
    </Filter>
    <Filter Include="Fracture\Events">
      <UniqueIdentifier>{E50516CA-5191-838E-5AA2-0683C6ACDF8E}</UniqueIdentifier>
    </Filter>
  </ItemGroup>
  <ItemGroup>
    <ClInclude Include="src\Fracture.h" />
    <ClInclude Include="src\Fracture\Application.h">
      <Filter>Fracture</Filter>
    </ClInclude>
    <ClInclude Include="src\Fracture\Core.h">
      <Filter>Fracture</Filter>
    </ClInclude>
    <ClInclude Include="src\Fracture\EntryPoint.h">
      <Filter>Fracture</Filter>
    </ClInclude>
    <ClInclude Include="src\Fracture\Events\ApplicationEvent.h">
      <Filter>Fracture\Events</Filter>
    </ClInclude>
    <ClInclude Include="src\Fracture\Events\Event.h">
      <Filter>Fracture\Events</Filter>
    </ClInclude>
    <ClInclude Include="src\Fracture\Events\KeyEvent.h">
      <Filter>Fracture\Events</Filter>
    </ClInclude>
    <ClInclude Include="src\Fracture\Events\MouseEvent.h">
      <Filter>Fracture\Events</Filter>
    </ClInclude>
    <ClInclude Include="src\Fracture\Utils\Log.h">
      <Filter>Fracture</Filter>
    </ClInclude>
    <ClInclude Include="src\frpch.h" />
    <ClInclude Include="src\Fracture\Utils\Instrumentation.h" />
  </ItemGroup>
  <ItemGroup>
    <ClCompile Include="src\Fracture\Application.cpp">
      <Filter>Fracture</Filter>
    </ClCompile>
    <ClCompile Include="src\Fracture\Utils\Log.cpp">
      <Filter>Fracture</Filter>
    </ClCompile>
    <ClCompile Include="src\frpch.cpp" />
  </ItemGroup>
</Project>